
Microsoft Visual Studio Solution File, Format Version 12.00
# Visual Studio Version 17
VisualStudioVersion = 17.3.32929.385
MinimumVisualStudioVersion = 10.0.40219.1
Project("{FAE04EC0-301F-11D3-BF4B-00C04F79EFBC}") = "pim-paulista", "pim-paulista\pim-paulista.csproj", "{7D041DAA-FD60-4AF5-8ACA-CBB3D3038426}"
EndProject
Global
	GlobalSection(SolutionConfigurationPlatforms) = preSolution
		Debug|Any CPU = Debug|Any CPU
		Release|Any CPU = Release|Any CPU
	EndGlobalSection
	GlobalSection(ProjectConfigurationPlatforms) = postSolution
		{7D041DAA-FD60-4AF5-8ACA-CBB3D3038426}.Debug|Any CPU.ActiveCfg = Debug|Any CPU
		{7D041DAA-FD60-4AF5-8ACA-CBB3D3038426}.Debug|Any CPU.Build.0 = Debug|Any CPU
		{7D041DAA-FD60-4AF5-8ACA-CBB3D3038426}.Release|Any CPU.ActiveCfg = Release|Any CPU
		{7D041DAA-FD60-4AF5-8ACA-CBB3D3038426}.Release|Any CPU.Build.0 = Release|Any CPU
	EndGlobalSection
	GlobalSection(SolutionProperties) = preSolution
		HideSolutionNode = FALSE
	EndGlobalSection
	GlobalSection(ExtensibilityGlobals) = postSolution
		SolutionGuid = {30664186-80A5-4687-ADCE-F015BCCBF26C}
	EndGlobalSection
EndGlobal
